// !$*UTF8*$!
{
	archiveVersion = 1;
	classes = {
	};
	objectVersion = 77;
	objects = {

/* Begin PBXBuildFile section */
		36614B412F5EB52C00F434BE /* RoundStateMachine.swift in Sources */ = {isa = PBXBuildFile; fileRef = 36614B3D2F5EB52C00F434BE /* RoundStateMachine.swift */; };
		36614B4F2F5EB78200F434BE /* CameraHandPoseClassifier.swift in Sources */ = {isa = PBXBuildFile; fileRef = 36614B462F5EB78200F434BE /* CameraHandPoseClassifier.swift */; };
		36614B522F5EB78200F434BE /* GameController.swift in Sources */ = {isa = PBXBuildFile; fileRef = 36614B492F5EB78200F434BE /* GameController.swift */; };
		36614B532F5EB78200F434BE /* GameViewModel.swift in Sources */ = {isa = PBXBuildFile; fileRef = 36614B4A2F5EB78200F434BE /* GameViewModel.swift */; };
		36614B542F5EB78200F434BE /* HandMove.swift in Sources */ = {isa = PBXBuildFile; fileRef = 36614B4B2F5EB78200F434BE /* HandMove.swift */; };
/* End PBXBuildFile section */

/* Begin PBXContainerItemProxy section */
		36614B332F5F2B0A00F434BE /* PBXContainerItemProxy */ = {
			isa = PBXContainerItemProxy;
			containerPortal = 36614B172F5EA3D200F434BE /* Project object */;
			proxyType = 1;
			remoteGlobalIDString = 36614B1E2F5EA3D200F434BE;
			remoteInfo = RockPaperScissors;
		};
/* End PBXContainerItemProxy section */

/* Begin PBXFileReference section */
		36614B1F2F5EA3D200F434BE /* RockPaperScissors.app */ = {isa = PBXFileReference; explicitFileType = wrapper.application; includeInIndex = 0; path = RockPaperScissors.app; sourceTree = BUILT_PRODUCTS_DIR; };
		36614B2D2F5F2B0A00F434BE /* RockPaperScissorsTests.xctest */ = {isa = PBXFileReference; explicitFileType = wrapper.cfbundle; includeInIndex = 0; path = RockPaperScissorsTests.xctest; sourceTree = BUILT_PRODUCTS_DIR; };
		36614B3D2F5EB52C00F434BE /* RoundStateMachine.swift */ = {isa = PBXFileReference; lastKnownFileType = sourcecode.swift; path = RoundStateMachine.swift; sourceTree = "<group>"; };
		36614B462F5EB78200F434BE /* CameraHandPoseClassifier.swift */ = {isa = PBXFileReference; lastKnownFileType = sourcecode.swift; path = CameraHandPoseClassifier.swift; sourceTree = "<group>"; };
		36614B492F5EB78200F434BE /* GameController.swift */ = {isa = PBXFileReference; lastKnownFileType = sourcecode.swift; path = GameController.swift; sourceTree = "<group>"; };
		36614B4A2F5EB78200F434BE /* GameViewModel.swift */ = {isa = PBXFileReference; lastKnownFileType = sourcecode.swift; path = GameViewModel.swift; sourceTree = "<group>"; };
		36614B4B2F5EB78200F434BE /* HandMove.swift */ = {isa = PBXFileReference; lastKnownFileType = sourcecode.swift; path = HandMove.swift; sourceTree = "<group>"; };
/* End PBXFileReference section */

/* Begin PBXFileSystemSynchronizedRootGroup section */
		36614B212F5EA3D200F434BE /* RockPaperScissors */ = {
			isa = PBXFileSystemSynchronizedRootGroup;
			path = RockPaperScissors;
			sourceTree = "<group>";
		};
		36614B2E2F5F2B0A00F434BE /* RockPaperScissorsTests */ = {
			isa = PBXFileSystemSynchronizedRootGroup;
			path = RockPaperScissorsTests;
			sourceTree = "<group>";
		};
		36614B612F5EBE9200F434BE /* View */ = {
			isa = PBXFileSystemSynchronizedRootGroup;
			path = View;
			sourceTree = "<group>";
		};
/* End PBXFileSystemSynchronizedRootGroup section */

/* Begin PBXFrameworksBuildPhase section */
		36614B1C2F5EA3D200F434BE /* Frameworks */ = {
			isa = PBXFrameworksBuildPhase;
			buildActionMask = 2147483647;
			files = (
			);
			runOnlyForDeploymentPostprocessing = 0;
		};
		36614B2F2F5F2B0A00F434BE /* Frameworks */ = {
			isa = PBXFrameworksBuildPhase;
			buildActionMask = 2147483647;
			files = (
			);
			runOnlyForDeploymentPostprocessing = 0;
		};
/* End PBXFrameworksBuildPhase section */

/* Begin PBXGroup section */
		36614B162F5EA3D200F434BE = {
			isa = PBXGroup;
			children = (
				36614B682F5EBF3A00F434BE /* Controller */,
				36614B672F5EBEA800F434BE /* Model */,
				36614B612F5EBE9200F434BE /* View */,
				36614B5B2F5EBE7B00F434BE /* ViewModel */,
				36614B212F5EA3D200F434BE /* RockPaperScissors */,
				36614B2E2F5F2B0A00F434BE /* RockPaperScissorsTests */,
				36614B202F5EA3D200F434BE /* Products */,
			);
			sourceTree = "<group>";
		};
		36614B202F5EA3D200F434BE /* Products */ = {
			isa = PBXGroup;
			children = (
				36614B1F2F5EA3D200F434BE /* RockPaperScissors.app */,
				36614B2D2F5F2B0A00F434BE /* RockPaperScissorsTests.xctest */,
			);
			name = Products;
			sourceTree = "<group>";
		};
		36614B5B2F5EBE7B00F434BE /* ViewModel */ = {
			isa = PBXGroup;
			children = (
				36614B4A2F5EB78200F434BE /* GameViewModel.swift */,
				36614B462F5EB78200F434BE /* CameraHandPoseClassifier.swift */,
			);
			path = ViewModel;
			sourceTree = "<group>";
		};
		36614B672F5EBEA800F434BE /* Model */ = {
			isa = PBXGroup;
			children = (
				36614B4B2F5EB78200F434BE /* HandMove.swift */,
			);
			path = Model;
			sourceTree = "<group>";
		};
		36614B682F5EBF3A00F434BE /* Controller */ = {
			isa = PBXGroup;
			children = (
				36614B492F5EB78200F434BE /* GameController.swift */,
				36614B3D2F5EB52C00F434BE /* RoundStateMachine.swift */,
			);
			path = Controller;
			sourceTree = "<group>";
		};
/* End PBXGroup section */

/* Begin PBXNativeTarget section */
		36614B1E2F5EA3D200F434BE /* RockPaperScissors */ = {
			isa = PBXNativeTarget;
			buildConfigurationList = 36614B2A2F5EA3D400F434BE /* Build configuration list for PBXNativeTarget "RockPaperScissors" */;
			buildPhases = (
				36614B1B2F5EA3D200F434BE /* Sources */,
				36614B1C2F5EA3D200F434BE /* Frameworks */,
				36614B1D2F5EA3D200F434BE /* Resources */,
			);
			buildRules = (
			);
			dependencies = (
			);
			fileSystemSynchronizedGroups = (
				36614B212F5EA3D200F434BE /* RockPaperScissors */,
				36614B612F5EBE9200F434BE /* View */,
			);
			name = RockPaperScissors;
			packageProductDependencies = (
			);
			productName = RockPaperScissors;
			productReference = 36614B1F2F5EA3D200F434BE /* RockPaperScissors.app */;
			productType = "com.apple.product-type.application";
		};
		36614B322F5F2B0A00F434BE /* RockPaperScissorsTests */ = {
			isa = PBXNativeTarget;
			buildConfigurationList = 36614B372F5F2B0A00F434BE /* Build configuration list for PBXNativeTarget "RockPaperScissorsTests" */;
			buildPhases = (
				36614B302F5F2B0A00F434BE /* Sources */,
				36614B2F2F5F2B0A00F434BE /* Frameworks */,
				36614B312F5F2B0A00F434BE /* Resources */,
			);
			buildRules = (
			);
			dependencies = (
				36614B342F5F2B0A00F434BE /* PBXTargetDependency */,
			);
			fileSystemSynchronizedGroups = (
				36614B2E2F5F2B0A00F434BE /* RockPaperScissorsTests */,
			);
			name = RockPaperScissorsTests;
			packageProductDependencies = (
			);
			productName = RockPaperScissorsTests;
			productReference = 36614B2D2F5F2B0A00F434BE /* RockPaperScissorsTests.xctest */;
			productType = "com.apple.product-type.bundle.unit-test";
		};
/* End PBXNativeTarget section */

/* Begin PBXProject section */
		36614B172F5EA3D200F434BE /* Project object */ = {
			isa = PBXProject;
			attributes = {
				BuildIndependentTargetsInParallel = 1;
				LastSwiftUpdateCheck = 2630;
				LastUpgradeCheck = 2630;
				TargetAttributes = {
					36614B1E2F5EA3D200F434BE = {
						CreatedOnToolsVersion = 26.3;
					};
					36614B322F5F2B0A00F434BE = {
						CreatedOnToolsVersion = 26.3;
						TestTargetID = 36614B1E2F5EA3D200F434BE;
					};
				};
			};
			buildConfigurationList = 36614B1A2F5EA3D200F434BE /* Build configuration list for PBXProject "RockPaperScissors" */;
			developmentRegion = en;
			hasScannedForEncodings = 0;
			knownRegions = (
				en,
				Base,
			);
			mainGroup = 36614B162F5EA3D200F434BE;
			minimizedProjectReferenceProxies = 1;
			preferredProjectObjectVersion = 77;
			productRefGroup = 36614B202F5EA3D200F434BE /* Products */;
			projectDirPath = "";
			projectRoot = "";
			targets = (
				36614B1E2F5EA3D200F434BE /* RockPaperScissors */,
				36614B322F5F2B0A00F434BE /* RockPaperScissorsTests */,
			);
		};
/* End PBXProject section */

/* Begin PBXResourcesBuildPhase section */
		36614B1D2F5EA3D200F434BE /* Resources */ = {
			isa = PBXResourcesBuildPhase;
			buildActionMask = 2147483647;
			files = (
			);
			runOnlyForDeploymentPostprocessing = 0;
		};
		36614B312F5F2B0A00F434BE /* Resources */ = {
			isa = PBXResourcesBuildPhase;
			buildActionMask = 2147483647;
			files = (
			);
			runOnlyForDeploymentPostprocessing = 0;
		};
/* End PBXResourcesBuildPhase section */

/* Begin PBXSourcesBuildPhase section */
		36614B1B2F5EA3D200F434BE /* Sources */ = {
			isa = PBXSourcesBuildPhase;
			buildActionMask = 2147483647;
			files = (
				36614B4F2F5EB78200F434BE /* CameraHandPoseClassifier.swift in Sources */,
				36614B522F5EB78200F434BE /* GameController.swift in Sources */,
				36614B532F5EB78200F434BE /* GameViewModel.swift in Sources */,
				36614B542F5EB78200F434BE /* HandMove.swift in Sources */,
				36614B412F5EB52C00F434BE /* RoundStateMachine.swift in Sources */,
			);
			runOnlyForDeploymentPostprocessing = 0;
		};
		36614B302F5F2B0A00F434BE /* Sources */ = {
			isa = PBXSourcesBuildPhase;
			buildActionMask = 2147483647;
			files = (
			);
			runOnlyForDeploymentPostprocessing = 0;
		};
/* End PBXSourcesBuildPhase section */

/* Begin PBXTargetDependency section */
		36614B342F5F2B0A00F434BE /* PBXTargetDependency */ = {
			isa = PBXTargetDependency;
			target = 36614B1E2F5EA3D200F434BE /* RockPaperScissors */;
			targetProxy = 36614B332F5F2B0A00F434BE /* PBXContainerItemProxy */;
		};
/* End PBXTargetDependency section */

/* Begin XCBuildConfiguration section */
		36614B282F5EA3D400F434BE /* Debug */ = {
			isa = XCBuildConfiguration;
			buildSettings = {
				ALWAYS_SEARCH_USER_PATHS = NO;
				ASSETCATALOG_COMPILER_GENERATE_SWIFT_ASSET_SYMBOL_EXTENSIONS = YES;
				CLANG_ANALYZER_NONNULL = YES;
				CLANG_ANALYZER_NUMBER_OBJECT_CONVERSION = YES_AGGRESSIVE;
				CLANG_CXX_LANGUAGE_STANDARD = "gnu++20";
				CLANG_ENABLE_MODULES = YES;
				CLANG_ENABLE_OBJC_ARC = YES;
				CLANG_ENABLE_OBJC_WEAK = YES;
				CLANG_WARN_BLOCK_CAPTURE_AUTORELEASING = YES;
				CLANG_WARN_BOOL_CONVERSION = YES;
				CLANG_WARN_COMMA = YES;
				CLANG_WARN_CONSTANT_CONVERSION = YES;
				CLANG_WARN_DEPRECATED_OBJC_IMPLEMENTATIONS = YES;
				CLANG_WARN_DIRECT_OBJC_ISA_USAGE = YES_ERROR;
				CLANG_WARN_DOCUMENTATION_COMMENTS = YES;
				CLANG_WARN_EMPTY_BODY = YES;
				CLANG_WARN_ENUM_CONVERSION = YES;
				CLANG_WARN_INFINITE_RECURSION = YES;
				CLANG_WARN_INT_CONVERSION = YES;
				CLANG_WARN_NON_LITERAL_NULL_CONVERSION = YES;
				CLANG_WARN_OBJC_IMPLICIT_RETAIN_SELF = YES;
				CLANG_WARN_OBJC_LITERAL_CONVERSION = YES;
				CLANG_WARN_OBJC_ROOT_CLASS = YES_ERROR;
				CLANG_WARN_QUOTED_INCLUDE_IN_FRAMEWORK_HEADER = YES;
				CLANG_WARN_RANGE_LOOP_ANALYSIS = YES;
				CLANG_WARN_STRICT_PROTOTYPES = YES;
				CLANG_WARN_SUSPICIOUS_MOVE = YES;
				CLANG_WARN_UNGUARDED_AVAILABILITY = YES_AGGRESSIVE;
				CLANG_WARN_UNREACHABLE_CODE = YES;
				CLANG_WARN__DUPLICATE_METHOD_MATCH = YES;
				COPY_PHASE_STRIP = NO;
				DEBUG_INFORMATION_FORMAT = dwarf;
				DEVELOPMENT_TEAM = 5C7PJ9NG5T;
				ENABLE_STRICT_OBJC_MSGSEND = YES;
				ENABLE_TESTABILITY = YES;
				ENABLE_USER_SCRIPT_SANDBOXING = YES;
				GCC_C_LANGUAGE_STANDARD = gnu17;
				GCC_DYNAMIC_NO_PIC = NO;
				GCC_NO_COMMON_BLOCKS = YES;
				GCC_OPTIMIZATION_LEVEL = 0;
				GCC_PREPROCESSOR_DEFINITIONS = (
					"DEBUG=1",
					"$(inherited)",
				);
				GCC_WARN_64_TO_32_BIT_CONVERSION = YES;
				GCC_WARN_ABOUT_RETURN_TYPE = YES_ERROR;
				GCC_WARN_UNDECLARED_SELECTOR = YES;
				GCC_WARN_UNINITIALIZED_AUTOS = YES_AGGRESSIVE;
				GCC_WARN_UNUSED_FUNCTION = YES;
				GCC_WARN_UNUSED_VARIABLE = YES;
				IPHONEOS_DEPLOYMENT_TARGET = 26.2;
				LOCALIZATION_PREFERS_STRING_CATALOGS = YES;
				MTL_ENABLE_DEBUG_INFO = INCLUDE_SOURCE;
				MTL_FAST_MATH = YES;
				ONLY_ACTIVE_ARCH = YES;
				SDKROOT = iphoneos;
				SWIFT_ACTIVE_COMPILATION_CONDITIONS = "DEBUG $(inherited)";
				SWIFT_OPTIMIZATION_LEVEL = "-Onone";
			};
			name = Debug;
		};
		36614B292F5EA3D400F434BE /* Release */ = {
			isa = XCBuildConfiguration;
			buildSettings = {
				ALWAYS_SEARCH_USER_PATHS = NO;
				ASSETCATALOG_COMPILER_GENERATE_SWIFT_ASSET_SYMBOL_EXTENSIONS = YES;
				CLANG_ANALYZER_NONNULL = YES;
				CLANG_ANALYZER_NUMBER_OBJECT_CONVERSION = YES_AGGRESSIVE;
				CLANG_CXX_LANGUAGE_STANDARD = "gnu++20";
				CLANG_ENABLE_MODULES = YES;
				CLANG_ENABLE_OBJC_ARC = YES;
				CLANG_ENABLE_OBJC_WEAK = YES;
				CLANG_WARN_BLOCK_CAPTURE_AUTORELEASING = YES;
				CLANG_WARN_BOOL_CONVERSION = YES;
				CLANG_WARN_COMMA = YES;
				CLANG_WARN_CONSTANT_CONVERSION = YES;
				CLANG_WARN_DEPRECATED_OBJC_IMPLEMENTATIONS = YES;
				CLANG_WARN_DIRECT_OBJC_ISA_USAGE = YES_ERROR;
				CLANG_WARN_DOCUMENTATION_COMMENTS = YES;
				CLANG_WARN_EMPTY_BODY = YES;
				CLANG_WARN_ENUM_CONVERSION = YES;
				CLANG_WARN_INFINITE_RECURSION = YES;
				CLANG_WARN_INT_CONVERSION = YES;
				CLANG_WARN_NON_LITERAL_NULL_CONVERSION = YES;
				CLANG_WARN_OBJC_IMPLICIT_RETAIN_SELF = YES;
				CLANG_WARN_OBJC_LITERAL_CONVERSION = YES;
				CLANG_WARN_OBJC_ROOT_CLASS = YES_ERROR;
				CLANG_WARN_QUOTED_INCLUDE_IN_FRAMEWORK_HEADER = YES;
				CLANG_WARN_RANGE_LOOP_ANALYSIS = YES;
				CLANG_WARN_STRICT_PROTOTYPES = YES;
				CLANG_WARN_SUSPICIOUS_MOVE = YES;
				CLANG_WARN_UNGUARDED_AVAILABILITY = YES_AGGRESSIVE;
				CLANG_WARN_UNREACHABLE_CODE = YES;
				CLANG_WARN__DUPLICATE_METHOD_MATCH = YES;
				COPY_PHASE_STRIP = NO;
				DEBUG_INFORMATION_FORMAT = "dwarf-with-dsym";
				DEVELOPMENT_TEAM = 5C7PJ9NG5T;
				ENABLE_NS_ASSERTIONS = NO;
				ENABLE_STRICT_OBJC_MSGSEND = YES;
				ENABLE_USER_SCRIPT_SANDBOXING = YES;
				GCC_C_LANGUAGE_STANDARD = gnu17;
				GCC_NO_COMMON_BLOCKS = YES;
				GCC_WARN_64_TO_32_BIT_CONVERSION = YES;
				GCC_WARN_ABOUT_RETURN_TYPE = YES_ERROR;
				GCC_WARN_UNDECLARED_SELECTOR = YES;
				GCC_WARN_UNINITIALIZED_AUTOS = YES_AGGRESSIVE;
				GCC_WARN_UNUSED_FUNCTION = YES;
				GCC_WARN_UNUSED_VARIABLE = YES;
				IPHONEOS_DEPLOYMENT_TARGET = 26.2;
				LOCALIZATION_PREFERS_STRING_CATALOGS = YES;
				MTL_ENABLE_DEBUG_INFO = NO;
				MTL_FAST_MATH = YES;
				SDKROOT = iphoneos;
				SWIFT_COMPILATION_MODE = wholemodule;
				VALIDATE_PRODUCT = YES;
			};
			name = Release;
		};
		36614B2B2F5EA3D400F434BE /* Debug */ = {
			isa = XCBuildConfiguration;
			buildSettings = {
				ASSETCATALOG_COMPILER_APPICON_NAME = AppIcon;
				ASSETCATALOG_COMPILER_GLOBAL_ACCENT_COLOR_NAME = AccentColor;
				CODE_SIGN_STYLE = Automatic;
				CURRENT_PROJECT_VERSION = 1;
				DEVELOPMENT_TEAM = 5C7PJ9NG5T;
				ENABLE_PREVIEWS = YES;
				GENERATE_INFOPLIST_FILE = YES;
				INFOPLIST_KEY_NSCameraUsageDescription = "Camera access is used to recognize rock, paper, and scissors hand gestures in real time.";
				INFOPLIST_KEY_UIApplicationSceneManifest_Generation = YES;
				INFOPLIST_KEY_UIApplicationSupportsIndirectInputEvents = YES;
				INFOPLIST_KEY_UILaunchScreen_Generation = YES;
				INFOPLIST_KEY_UISupportedInterfaceOrientations_iPad = "UIInterfaceOrientationPortrait UIInterfaceOrientationPortraitUpsideDown UIInterfaceOrientationLandscapeLeft UIInterfaceOrientationLandscapeRight";
				INFOPLIST_KEY_UISupportedInterfaceOrientations_iPhone = "UIInterfaceOrientationPortrait UIInterfaceOrientationLandscapeLeft UIInterfaceOrientationLandscapeRight";
				IPHONEOS_DEPLOYMENT_TARGET = 16.6;
				LD_RUNPATH_SEARCH_PATHS = (
					"$(inherited)",
					"@executable_path/Frameworks",
				);
				MARKETING_VERSION = 1.0;
				PRODUCT_BUNDLE_IDENTIFIER = rcsw.RockPaperScissors;
				PRODUCT_NAME = "$(TARGET_NAME)";
				STRING_CATALOG_GENERATE_SYMBOLS = YES;
				SWIFT_APPROACHABLE_CONCURRENCY = YES;
				SWIFT_DEFAULT_ACTOR_ISOLATION = MainActor;
				SWIFT_EMIT_LOC_STRINGS = YES;
				SWIFT_UPCOMING_FEATURE_MEMBER_IMPORT_VISIBILITY = YES;
				SWIFT_VERSION = 5.0;
				TARGETED_DEVICE_FAMILY = "1,2";
			};
			name = Debug;
		};
		36614B2C2F5EA3D400F434BE /* Release */ = {
			isa = XCBuildConfiguration;
			buildSettings = {
				ASSETCATALOG_COMPILER_APPICON_NAME = AppIcon;
				ASSETCATALOG_COMPILER_GLOBAL_ACCENT_COLOR_NAME = AccentColor;
				CODE_SIGN_STYLE = Automatic;
				CURRENT_PROJECT_VERSION = 1;
				DEVELOPMENT_TEAM = 5C7PJ9NG5T;
				ENABLE_PREVIEWS = YES;
				GENERATE_INFOPLIST_FILE = YES;
				INFOPLIST_KEY_NSCameraUsageDescription = "Camera access is used to recognize rock, paper, and scissors hand gestures in real time.";
				INFOPLIST_KEY_UIApplicationSceneManifest_Generation = YES;
				INFOPLIST_KEY_UIApplicationSupportsIndirectInputEvents = YES;
				INFOPLIST_KEY_UILaunchScreen_Generation = YES;
				INFOPLIST_KEY_UISupportedInterfaceOrientations_iPad = "UIInterfaceOrientationPortrait UIInterfaceOrientationPortraitUpsideDown UIInterfaceOrientationLandscapeLeft UIInterfaceOrientationLandscapeRight";
				INFOPLIST_KEY_UISupportedInterfaceOrientations_iPhone = "UIInterfaceOrientationPortrait UIInterfaceOrientationLandscapeLeft UIInterfaceOrientationLandscapeRight";
				IPHONEOS_DEPLOYMENT_TARGET = 16.6;
				LD_RUNPATH_SEARCH_PATHS = (
					"$(inherited)",
					"@executable_path/Frameworks",
				);
				MARKETING_VERSION = 1.0;
				PRODUCT_BUNDLE_IDENTIFIER = rcsw.RockPaperScissors;
				PRODUCT_NAME = "$(TARGET_NAME)";
				STRING_CATALOG_GENERATE_SYMBOLS = YES;
				SWIFT_APPROACHABLE_CONCURRENCY = YES;
				SWIFT_DEFAULT_ACTOR_ISOLATION = MainActor;
				SWIFT_EMIT_LOC_STRINGS = YES;
				SWIFT_UPCOMING_FEATURE_MEMBER_IMPORT_VISIBILITY = YES;
				SWIFT_VERSION = 5.0;
				TARGETED_DEVICE_FAMILY = "1,2";
			};
			name = Release;
		};
		36614B352F5F2B0A00F434BE /* Debug */ = {
			isa = XCBuildConfiguration;
			buildSettings = {
				BUNDLE_LOADER = "$(TEST_HOST)";
				CODE_SIGN_STYLE = Automatic;
				CURRENT_PROJECT_VERSION = 1;
				DEVELOPMENT_TEAM = 5C7PJ9NG5T;
				GENERATE_INFOPLIST_FILE = YES;
				IPHONEOS_DEPLOYMENT_TARGET = 16.6;
				LD_RUNPATH_SEARCH_PATHS = (
					"$(inherited)",
					"@executable_path/Frameworks",
					"@loader_path/Frameworks",
				);
				MARKETING_VERSION = 1.0;
				PRODUCT_BUNDLE_IDENTIFIER = rcsw.RockPaperScissorsTests;
				PRODUCT_NAME = "$(TARGET_NAME)";
				STRING_CATALOG_GENERATE_SYMBOLS = YES;
				SWIFT_APPROACHABLE_CONCURRENCY = YES;
				SWIFT_DEFAULT_ACTOR_ISOLATION = MainActor;
				SWIFT_EMIT_LOC_STRINGS = NO;
				SWIFT_UPCOMING_FEATURE_MEMBER_IMPORT_VISIBILITY = YES;
				SWIFT_VERSION = 5.0;
				TARGETED_DEVICE_FAMILY = "1,2";
				TEST_HOST = "$(BUILT_PRODUCTS_DIR)/RockPaperScissors.app/$(BUNDLE_EXECUTABLE_FOLDER_PATH)/RockPaperScissors";
			};
			name = Debug;
		};
		36614B362F5F2B0A00F434BE /* Release */ = {
			isa = XCBuildConfiguration;
			buildSettings = {
				BUNDLE_LOADER = "$(TEST_HOST)";
				CODE_SIGN_STYLE = Automatic;
				CURRENT_PROJECT_VERSION = 1;
				DEVELOPMENT_TEAM = 5C7PJ9NG5T;
				GENERATE_INFOPLIST_FILE = YES;
				IPHONEOS_DEPLOYMENT_TARGET = 16.6;
				LD_RUNPATH_SEARCH_PATHS = (
					"$(inherited)",
					"@executable_path/Frameworks",
					"@loader_path/Frameworks",
				);
				MARKETING_VERSION = 1.0;
				PRODUCT_BUNDLE_IDENTIFIER = rcsw.RockPaperScissorsTests;
				PRODUCT_NAME = "$(TARGET_NAME)";
				STRING_CATALOG_GENERATE_SYMBOLS = YES;
				SWIFT_APPROACHABLE_CONCURRENCY = YES;
				SWIFT_DEFAULT_ACTOR_ISOLATION = MainActor;
				SWIFT_EMIT_LOC_STRINGS = NO;
				SWIFT_UPCOMING_FEATURE_MEMBER_IMPORT_VISIBILITY = YES;
				SWIFT_VERSION = 5.0;
				TARGETED_DEVICE_FAMILY = "1,2";
				TEST_HOST = "$(BUILT_PRODUCTS_DIR)/RockPaperScissors.app/$(BUNDLE_EXECUTABLE_FOLDER_PATH)/RockPaperScissors";
			};
			name = Release;
		};
/* End XCBuildConfiguration section */

/* Begin XCConfigurationList section */
		36614B1A2F5EA3D200F434BE /* Build configuration list for PBXProject "RockPaperScissors" */ = {
			isa = XCConfigurationList;
			buildConfigurations = (
				36614B282F5EA3D400F434BE /* Debug */,
				36614B292F5EA3D400F434BE /* Release */,
			);
			defaultConfigurationIsVisible = 0;
			defaultConfigurationName = Release;
		};
		36614B2A2F5EA3D400F434BE /* Build configuration list for PBXNativeTarget "RockPaperScissors" */ = {
			isa = XCConfigurationList;
			buildConfigurations = (
				36614B2B2F5EA3D400F434BE /* Debug */,
				36614B2C2F5EA3D400F434BE /* Release */,
			);
			defaultConfigurationIsVisible = 0;
			defaultConfigurationName = Release;
		};
		36614B372F5F2B0A00F434BE /* Build configuration list for PBXNativeTarget "RockPaperScissorsTests" */ = {
			isa = XCConfigurationList;
			buildConfigurations = (
				36614B352F5F2B0A00F434BE /* Debug */,
				36614B362F5F2B0A00F434BE /* Release */,
			);
			defaultConfigurationIsVisible = 0;
			defaultConfigurationName = Release;
		};
/* End XCConfigurationList section */
	};
	rootObject = 36614B172F5EA3D200F434BE /* Project object */;
}
